
Microsoft Visual Studio Solution File, Format Version 12.00
# Visual Studio Version 16
VisualStudioVersion = 16.0.31624.102
MinimumVisualStudioVersion = 10.0.40219.1
Project("{9A19103F-16F7-4668-BE54-9A1E7A4F7556}") = "TechnicalProject", "TechnicalProject\TechnicalProject.csproj", "{5BC4D634-1CC3-4E7E-AFF2-60D42420EF7F}"
EndProject
Project("{FAE04EC0-301F-11D3-BF4B-00C04F79EFBC}") = "Entities", "Entities\Entities.csproj", "{35D48C5A-3F42-4D58-9B54-6D452C0E400A}"
EndProject
Project("{FAE04EC0-301F-11D3-BF4B-00C04F79EFBC}") = "Data", "Data\Data.csproj", "{1744BD49-2E1F-4BAB-AD65-243176E18F40}"
EndProject
Global
	GlobalSection(SolutionConfigurationPlatforms) = preSolution
		Debug|Any CPU = Debug|Any CPU
		Release|Any CPU = Release|Any CPU
	EndGlobalSection
	GlobalSection(ProjectConfigurationPlatforms) = postSolution
		{5BC4D634-1CC3-4E7E-AFF2-60D42420EF7F}.Debug|Any CPU.ActiveCfg = Debug|Any CPU
		{5BC4D634-1CC3-4E7E-AFF2-60D42420EF7F}.Debug|Any CPU.Build.0 = Debug|Any CPU
		{5BC4D634-1CC3-4E7E-AFF2-60D42420EF7F}.Release|Any CPU.ActiveCfg = Release|Any CPU
		{5BC4D634-1CC3-4E7E-AFF2-60D42420EF7F}.Release|Any CPU.Build.0 = Release|Any CPU
		{35D48C5A-3F42-4D58-9B54-6D452C0E400A}.Debug|Any CPU.ActiveCfg = Debug|Any CPU
		{35D48C5A-3F42-4D58-9B54-6D452C0E400A}.Debug|Any CPU.Build.0 = Debug|Any CPU
		{35D48C5A-3F42-4D58-9B54-6D452C0E400A}.Release|Any CPU.ActiveCfg = Release|Any CPU
		{35D48C5A-3F42-4D58-9B54-6D452C0E400A}.Release|Any CPU.Build.0 = Release|Any CPU
		{1744BD49-2E1F-4BAB-AD65-243176E18F40}.Debug|Any CPU.ActiveCfg = Debug|Any CPU
		{1744BD49-2E1F-4BAB-AD65-243176E18F40}.Debug|Any CPU.Build.0 = Debug|Any CPU
		{1744BD49-2E1F-4BAB-AD65-243176E18F40}.Release|Any CPU.ActiveCfg = Release|Any CPU
		{1744BD49-2E1F-4BAB-AD65-243176E18F40}.Release|Any CPU.Build.0 = Release|Any CPU
	EndGlobalSection
	GlobalSection(SolutionProperties) = preSolution
		HideSolutionNode = FALSE
	EndGlobalSection
	GlobalSection(ExtensibilityGlobals) = postSolution
		SolutionGuid = {7C72257C-C00D-477B-BCEA-B496DAF8A6A8}
	EndGlobalSection
EndGlobal
